
Microsoft Visual Studio Solution File, Format Version 12.00
# Visual Studio Version 17
VisualStudioVersion = 17.2.32616.157
MinimumVisualStudioVersion = 10.0.40219.1
Project("{FAE04EC0-301F-11D3-BF4B-00C04F79EFBC}") = "TestNew", "TestNew\TestNew.csproj", "{68CE58ED-C938-4D7D-A514-F5E126B475ED}"
EndProject
Global
	GlobalSection(SolutionConfigurationPlatforms) = preSolution
		Debug|Any CPU = Debug|Any CPU
		Release|Any CPU = Release|Any CPU
	EndGlobalSection
	GlobalSection(ProjectConfigurationPlatforms) = postSolution
		{68CE58ED-C938-4D7D-A514-F5E126B475ED}.Debug|Any CPU.ActiveCfg = Debug|Any CPU
		{68CE58ED-C938-4D7D-A514-F5E126B475ED}.Debug|Any CPU.Build.0 = Debug|Any CPU
		{68CE58ED-C938-4D7D-A514-F5E126B475ED}.Release|Any CPU.ActiveCfg = Release|Any CPU
		{68CE58ED-C938-4D7D-A514-F5E126B475ED}.Release|Any CPU.Build.0 = Release|Any CPU
	EndGlobalSection
	GlobalSection(SolutionProperties) = preSolution
		HideSolutionNode = FALSE
	EndGlobalSection
	GlobalSection(ExtensibilityGlobals) = postSolution
		SolutionGuid = {74FDC1DC-4AFC-4BA1-9846-4DC8F0D7809F}
	EndGlobalSection
EndGlobal
